
Microsoft Visual Studio Solution File, Format Version 12.00
# Visual Studio Version 17
VisualStudioVersion = 17.14.36301.6 d17.14
MinimumVisualStudioVersion = 10.0.40219.1
Project("{FAE04EC0-301F-11D3-BF4B-00C04F79EFBC}") = "Horss", "Horss.csproj", "{4BAAA346-EDFA-44BB-8EFF-67A66678EBBF}"
EndProject
Global
	GlobalSection(SolutionConfigurationPlatforms) = preSolution
		Debug|Any CPU = Debug|Any CPU
		Release|Any CPU = Release|Any CPU
	EndGlobalSection
	GlobalSection(ProjectConfigurationPlatforms) = postSolution
		{4BAAA346-EDFA-44BB-8EFF-67A66678EBBF}.Debug|Any CPU.ActiveCfg = Debug|Any CPU
		{4BAAA346-EDFA-44BB-8EFF-67A66678EBBF}.Debug|Any CPU.Build.0 = Debug|Any CPU
		{4BAAA346-EDFA-44BB-8EFF-67A66678EBBF}.Release|Any CPU.ActiveCfg = Release|Any CPU
		{4BAAA346-EDFA-44BB-8EFF-67A66678EBBF}.Release|Any CPU.Build.0 = Release|Any CPU
	EndGlobalSection
	GlobalSection(SolutionProperties) = preSolution
		HideSolutionNode = FALSE
	EndGlobalSection
	GlobalSection(ExtensibilityGlobals) = postSolution
		SolutionGuid = {AD3C10AC-5AEC-44F8-9D5B-D9D4D4DD70EB}
	EndGlobalSection
EndGlobal
